
Microsoft Visual Studio Solution File, Format Version 12.00
# Visual Studio Version 16
VisualStudioVersion = 16.0.810.22
MinimumVisualStudioVersion = 10.0.40219.1
Project("{FAE04EC0-301F-11D3-BF4B-00C04F79EFBC}") = "dotnet-rpg-2", "dotnet-rpg-2.csproj", "{3181D255-AE1C-4841-95D0-A1A8886EEB2E}"
EndProject
Global
	GlobalSection(SolutionConfigurationPlatforms) = preSolution
		Debug|Any CPU = Debug|Any CPU
		Release|Any CPU = Release|Any CPU
	EndGlobalSection
	GlobalSection(ProjectConfigurationPlatforms) = postSolution
		{3181D255-AE1C-4841-95D0-A1A8886EEB2E}.Debug|Any CPU.ActiveCfg = Debug|Any CPU
		{3181D255-AE1C-4841-95D0-A1A8886EEB2E}.Debug|Any CPU.Build.0 = Debug|Any CPU
		{3181D255-AE1C-4841-95D0-A1A8886EEB2E}.Release|Any CPU.ActiveCfg = Release|Any CPU
		{3181D255-AE1C-4841-95D0-A1A8886EEB2E}.Release|Any CPU.Build.0 = Release|Any CPU
	EndGlobalSection
	GlobalSection(SolutionProperties) = preSolution
		HideSolutionNode = FALSE
	EndGlobalSection
	GlobalSection(ExtensibilityGlobals) = postSolution
		SolutionGuid = {0C14B075-EBF2-4A9D-B34A-02F8D5A47936}
	EndGlobalSection
EndGlobal
